{
  "name": "prim",
  "version": "1.0.0",
  "lockfileVersion": 3,
  "requires": true,
  "packages": {
    "": {
      "name": "prim",
      "version": "1.0.0",
      "license": "ISC",
      "dependencies": {
        "@appport/sdk": "^1.1.18"
      }
    },
    "node_modules/@appport/sdk": {
      "version": "1.1.18",
      "resolved": "https://registry.npmjs.org/@appport/sdk/-/sdk-1.1.18.tgz",
      "integrity": "sha512-U/izTgdwfp3lNW9dUFjLgaQGUG+ZzSnvr7R9oxNpu9YNOY0q2/UvSdB57kxDzY42+Msa+H3mv/xZFhOwJIGkvQ==",
      "license": "Apache-2.0",
      "engines": {
        "node": ">=20"
      }
    }
  }
}
